{
  "name": "superman",
  "version": "1.0.0",
  "lockfileVersion": 2,
  "requires": true,
  "packages": {
    "": {
      "name": "superman",
      "version": "1.0.0",
      "license": "ISC",
      "dependencies": {
        "@vant/weapp": "^1.10.21"
      }
    },
    "node_modules/@vant/weapp": {
      "version": "1.10.21",
      "resolved": "https://registry.npmjs.org/@vant/weapp/-/weapp-1.10.21.tgz",
      "integrity": "sha512-U/yjHDUGEk/Pg+PJ4spEedKCIH0xPZd2gV15QiLUR3tmlXUNGVAIgU8Mv6NsvFd8Aq7mQuah9xa2A3jtpzbk+g=="
    }
  },
  "dependencies": {
    "@vant/weapp": {
      "version": "1.10.21",
      "resolved": "https://registry.npmjs.org/@vant/weapp/-/weapp-1.10.21.tgz",
      "integrity": "sha512-U/yjHDUGEk/Pg+PJ4spEedKCIH0xPZd2gV15QiLUR3tmlXUNGVAIgU8Mv6NsvFd8Aq7mQuah9xa2A3jtpzbk+g=="
    }
  }
}
